
Microsoft Visual Studio Solution File, Format Version 12.00
# Visual Studio Version 17
VisualStudioVersion = 17.0.31903.59
MinimumVisualStudioVersion = 10.0.40219.1
Project("{2150E333-8FDC-42A3-9474-1A3956D46DE8}") = "src", "src", "{E729BC7C-B553-45E7-A890-0E90401BCA04}"
EndProject
Project("{FAE04EC0-301F-11D3-BF4B-00C04F79EFBC}") = "main", "src\main\main.csproj", "{6B9CFAB5-7FF5-4409-B650-2E3F6D5B91F3}"
EndProject
Project("{FAE04EC0-301F-11D3-BF4B-00C04F79EFBC}") = "test", "src\test\test.csproj", "{3C56BF7B-2B9B-4FC4-9BB9-6A9BBD196968}"
EndProject
Global
	GlobalSection(SolutionConfigurationPlatforms) = preSolution
		Debug|Any CPU = Debug|Any CPU
		Release|Any CPU = Release|Any CPU
	EndGlobalSection
	GlobalSection(SolutionProperties) = preSolution
		HideSolutionNode = FALSE
	EndGlobalSection
	GlobalSection(ProjectConfigurationPlatforms) = postSolution
		{6B9CFAB5-7FF5-4409-B650-2E3F6D5B91F3}.Debug|Any CPU.ActiveCfg = Debug|Any CPU
		{6B9CFAB5-7FF5-4409-B650-2E3F6D5B91F3}.Debug|Any CPU.Build.0 = Debug|Any CPU
		{6B9CFAB5-7FF5-4409-B650-2E3F6D5B91F3}.Release|Any CPU.ActiveCfg = Release|Any CPU
		{6B9CFAB5-7FF5-4409-B650-2E3F6D5B91F3}.Release|Any CPU.Build.0 = Release|Any CPU
		{3C56BF7B-2B9B-4FC4-9BB9-6A9BBD196968}.Debug|Any CPU.ActiveCfg = Debug|Any CPU
		{3C56BF7B-2B9B-4FC4-9BB9-6A9BBD196968}.Debug|Any CPU.Build.0 = Debug|Any CPU
		{3C56BF7B-2B9B-4FC4-9BB9-6A9BBD196968}.Release|Any CPU.ActiveCfg = Release|Any CPU
		{3C56BF7B-2B9B-4FC4-9BB9-6A9BBD196968}.Release|Any CPU.Build.0 = Release|Any CPU
	EndGlobalSection
	GlobalSection(NestedProjects) = preSolution
		{6B9CFAB5-7FF5-4409-B650-2E3F6D5B91F3} = {E729BC7C-B553-45E7-A890-0E90401BCA04}
		{3C56BF7B-2B9B-4FC4-9BB9-6A9BBD196968} = {E729BC7C-B553-45E7-A890-0E90401BCA04}
	EndGlobalSection
EndGlobal
